// !$*UTF8*$!
{
	archiveVersion = 1;
	classes = {
	};
	objectVersion = 46;
	objects = {

/* Begin PBXBuildFile section */
		0BCE24321A5DC05300A6DF41 /* AppDelegate.m in Sources */ = {isa = PBXBuildFile; fileRef = 0BCE24311A5DC05300A6DF41 /* AppDelegate.m */; };
		0BCE24341A5DC05300A6DF41 /* main.m in Sources */ = {isa = PBXBuildFile; fileRef = 0BCE24331A5DC05300A6DF41 /* main.m */; };
		0BCE24371A5DC05300A6DF41 /* ViewController.m in Sources */ = {isa = PBXBuildFile; fileRef = 0BCE24361A5DC05300A6DF41 /* ViewController.m */; };
		0BCE24391A5DC05300A6DF41 /* Images.xcassets in Resources */ = {isa = PBXBuildFile; fileRef = 0BCE24381A5DC05300A6DF41 /* Images.xcassets */; };
		0BCE243C1A5DC05300A6DF41 /* Main.storyboard in Resources */ = {isa = PBXBuildFile; fileRef = 0BCE243A1A5DC05300A6DF41 /* Main.storyboard */; };
		0BCE24481A5DC05300A6DF41 /* SenderTests.m in Sources */ = {isa = PBXBuildFile; fileRef = 0BCE24471A5DC05300A6DF41 /* SenderTests.m */; };
/* End PBXBuildFile section */

/* Begin PBXContainerItemProxy section */
		0BCE24421A5DC05300A6DF41 /* PBXContainerItemProxy */ = {
			isa = PBXContainerItemProxy;
			containerPortal = 0BCE24231A5DC05300A6DF41 /* Project object */;
			proxyType = 1;
			remoteGlobalIDString = 0BCE242A1A5DC05300A6DF41;
			remoteInfo = Sender;
		};
/* End PBXContainerItemProxy section */

/* Begin PBXFileReference section */
		0BCE242B1A5DC05300A6DF41 /* Sender.app */ = {isa = PBXFileReference; explicitFileType = wrapper.application; includeInIndex = 0; path = Sender.app; sourceTree = BUILT_PRODUCTS_DIR; };
		0BCE242F1A5DC05300A6DF41 /* Info.plist */ = {isa = PBXFileReference; lastKnownFileType = text.plist.xml; path = Info.plist; sourceTree = "<group>"; };
		0BCE24301A5DC05300A6DF41 /* AppDelegate.h */ = {isa = PBXFileReference; lastKnownFileType = sourcecode.c.h; path = AppDelegate.h; sourceTree = "<group>"; };
		0BCE24311A5DC05300A6DF41 /* AppDelegate.m */ = {isa = PBXFileReference; lastKnownFileType = sourcecode.c.objc; path = AppDelegate.m; sourceTree = "<group>"; };
		0BCE24331A5DC05300A6DF41 /* main.m */ = {isa = PBXFileReference; lastKnownFileType = sourcecode.c.objc; path = main.m; sourceTree = "<group>"; };
		0BCE24351A5DC05300A6DF41 /* ViewController.h */ = {isa = PBXFileReference; lastKnownFileType = sourcecode.c.h; path = ViewController.h; sourceTree = "<group>"; };
		0BCE24361A5DC05300A6DF41 /* ViewController.m */ = {isa = PBXFileReference; lastKnownFileType = sourcecode.c.objc; path = ViewController.m; sourceTree = "<group>"; };
		0BCE24381A5DC05300A6DF41 /* Images.xcassets */ = {isa = PBXFileReference; lastKnownFileType = folder.assetcatalog; path = Images.xcassets; sourceTree = "<group>"; };
		0BCE243B1A5DC05300A6DF41 /* Base */ = {isa = PBXFileReference; lastKnownFileType = file.storyboard; name = Base; path = Base.lproj/Main.storyboard; sourceTree = "<group>"; };
		0BCE24411A5DC05300A6DF41 /* SenderTests.xctest */ = {isa = PBXFileReference; explicitFileType = wrapper.cfbundle; includeInIndex = 0; path = SenderTests.xctest; sourceTree = BUILT_PRODUCTS_DIR; };
		0BCE24461A5DC05300A6DF41 /* Info.plist */ = {isa = PBXFileReference; lastKnownFileType = text.plist.xml; path = Info.plist; sourceTree = "<group>"; };
		0BCE24471A5DC05300A6DF41 /* SenderTests.m */ = {isa = PBXFileReference; lastKnownFileType = sourcecode.c.objc; path = SenderTests.m; sourceTree = "<group>"; };
/* End PBXFileReference section */

/* Begin PBXFrameworksBuildPhase section */
		0BCE24281A5DC05300A6DF41 /* Frameworks */ = {
			isa = PBXFrameworksBuildPhase;
			buildActionMask = 2147483647;
			files = (
			);
			runOnlyForDeploymentPostprocessing = 0;
		};
		0BCE243E1A5DC05300A6DF41 /* Frameworks */ = {
			isa = PBXFrameworksBuildPhase;
			buildActionMask = 2147483647;
			files = (
			);
			runOnlyForDeploymentPostprocessing = 0;
		};
/* End PBXFrameworksBuildPhase section */

/* Begin PBXGroup section */
		0BCE24221A5DC05300A6DF41 = {
			isa = PBXGroup;
			children = (
				0BCE242D1A5DC05300A6DF41 /* Sender */,
				0BCE24441A5DC05300A6DF41 /* SenderTests */,
				0BCE242C1A5DC05300A6DF41 /* Products */,
			);
			sourceTree = "<group>";
		};
		0BCE242C1A5DC05300A6DF41 /* Products */ = {
			isa = PBXGroup;
			children = (
				0BCE242B1A5DC05300A6DF41 /* Sender.app */,
				0BCE24411A5DC05300A6DF41 /* SenderTests.xctest */,
			);
			name = Products;
			sourceTree = "<group>";
		};
		0BCE242D1A5DC05300A6DF41 /* Sender */ = {
			isa = PBXGroup;
			children = (
				0BCE24301A5DC05300A6DF41 /* AppDelegate.h */,
				0BCE24311A5DC05300A6DF41 /* AppDelegate.m */,
				0BCE24351A5DC05300A6DF41 /* ViewController.h */,
				0BCE24361A5DC05300A6DF41 /* ViewController.m */,
				0BCE24381A5DC05300A6DF41 /* Images.xcassets */,
				0BCE243A1A5DC05300A6DF41 /* Main.storyboard */,
				0BCE242E1A5DC05300A6DF41 /* Supporting Files */,
			);
			path = Sender;
			sourceTree = "<group>";
		};
		0BCE242E1A5DC05300A6DF41 /* Supporting Files */ = {
			isa = PBXGroup;
			children = (
				0BCE242F1A5DC05300A6DF41 /* Info.plist */,
				0BCE24331A5DC05300A6DF41 /* main.m */,
			);
			name = "Supporting Files";
			sourceTree = "<group>";
		};
		0BCE24441A5DC05300A6DF41 /* SenderTests */ = {
			isa = PBXGroup;
			children = (
				0BCE24471A5DC05300A6DF41 /* SenderTests.m */,
				0BCE24451A5DC05300A6DF41 /* Supporting Files */,
			);
			path = SenderTests;
			sourceTree = "<group>";
		};
		0BCE24451A5DC05300A6DF41 /* Supporting Files */ = {
			isa = PBXGroup;
			children = (
				0BCE24461A5DC05300A6DF41 /* Info.plist */,
			);
			name = "Supporting Files";
			sourceTree = "<group>";
		};
/* End PBXGroup section */

/* Begin PBXNativeTarget section */
		0BCE242A1A5DC05300A6DF41 /* Sender */ = {
			isa = PBXNativeTarget;
			buildConfigurationList = 0BCE244B1A5DC05300A6DF41 /* Build configuration list for PBXNativeTarget "Sender" */;
			buildPhases = (
				0BCE24271A5DC05300A6DF41 /* Sources */,
				0BCE24281A5DC05300A6DF41 /* Frameworks */,
				0BCE24291A5DC05300A6DF41 /* Resources */,
			);
			buildRules = (
			);
			dependencies = (
			);
			name = Sender;
			productName = Sender;
			productReference = 0BCE242B1A5DC05300A6DF41 /* Sender.app */;
			productType = "com.apple.product-type.application";
		};
		0BCE24401A5DC05300A6DF41 /* SenderTests */ = {
			isa = PBXNativeTarget;
			buildConfigurationList = 0BCE244E1A5DC05300A6DF41 /* Build configuration list for PBXNativeTarget "SenderTests" */;
			buildPhases = (
				0BCE243D1A5DC05300A6DF41 /* Sources */,
				0BCE243E1A5DC05300A6DF41 /* Frameworks */,
				0BCE243F1A5DC05300A6DF41 /* Resources */,
			);
			buildRules = (
			);
			dependencies = (
				0BCE24431A5DC05300A6DF41 /* PBXTargetDependency */,
			);
			name = SenderTests;
			productName = SenderTests;
			productReference = 0BCE24411A5DC05300A6DF41 /* SenderTests.xctest */;
			productType = "com.apple.product-type.bundle.unit-test";
		};
/* End PBXNativeTarget section */

/* Begin PBXProject section */
		0BCE24231A5DC05300A6DF41 /* Project object */ = {
			isa = PBXProject;
			attributes = {
				LastUpgradeCheck = 0610;
				ORGANIZATIONNAME = "Grey Lee";
				TargetAttributes = {
					0BCE242A1A5DC05300A6DF41 = {
						CreatedOnToolsVersion = 6.1.1;
					};
					0BCE24401A5DC05300A6DF41 = {
						CreatedOnToolsVersion = 6.1.1;
						TestTargetID = 0BCE242A1A5DC05300A6DF41;
					};
				};
			};
			buildConfigurationList = 0BCE24261A5DC05300A6DF41 /* Build configuration list for PBXProject "Sender" */;
			compatibilityVersion = "Xcode 3.2";
			developmentRegion = English;
			hasScannedForEncodings = 0;
			knownRegions = (
				en,
				Base,
			);
			mainGroup = 0BCE24221A5DC05300A6DF41;
			productRefGroup = 0BCE242C1A5DC05300A6DF41 /* Products */;
			projectDirPath = "";
			projectRoot = "";
			targets = (
				0BCE242A1A5DC05300A6DF41 /* Sender */,
				0BCE24401A5DC05300A6DF41 /* SenderTests */,
			);
		};
/* End PBXProject section */

/* Begin PBXResourcesBuildPhase section */
		0BCE24291A5DC05300A6DF41 /* Resources */ = {
			isa = PBXResourcesBuildPhase;
			buildActionMask = 2147483647;
			files = (
				0BCE24391A5DC05300A6DF41 /* Images.xcassets in Resources */,
				0BCE243C1A5DC05300A6DF41 /* Main.storyboard in Resources */,
			);
			runOnlyForDeploymentPostprocessing = 0;
		};
		0BCE243F1A5DC05300A6DF41 /* Resources */ = {
			isa = PBXResourcesBuildPhase;
			buildActionMask = 2147483647;
			files = (
			);
			runOnlyForDeploymentPostprocessing = 0;
		};
/* End PBXResourcesBuildPhase section */

/* Begin PBXSourcesBuildPhase section */
		0BCE24271A5DC05300A6DF41 /* Sources */ = {
			isa = PBXSourcesBuildPhase;
			buildActionMask = 2147483647;
			files = (
				0BCE24371A5DC05300A6DF41 /* ViewController.m in Sources */,
				0BCE24341A5DC05300A6DF41 /* main.m in Sources */,
				0BCE24321A5DC05300A6DF41 /* AppDelegate.m in Sources */,
			);
			runOnlyForDeploymentPostprocessing = 0;
		};
		0BCE243D1A5DC05300A6DF41 /* Sources */ = {
			isa = PBXSourcesBuildPhase;
			buildActionMask = 2147483647;
			files = (
				0BCE24481A5DC05300A6DF41 /* SenderTests.m in Sources */,
			);
			runOnlyForDeploymentPostprocessing = 0;
		};
/* End PBXSourcesBuildPhase section */

/* Begin PBXTargetDependency section */
		0BCE24431A5DC05300A6DF41 /* PBXTargetDependency */ = {
			isa = PBXTargetDependency;
			target = 0BCE242A1A5DC05300A6DF41 /* Sender */;
			targetProxy = 0BCE24421A5DC05300A6DF41 /* PBXContainerItemProxy */;
		};
/* End PBXTargetDependency section */

/* Begin PBXVariantGroup section */
		0BCE243A1A5DC05300A6DF41 /* Main.storyboard */ = {
			isa = PBXVariantGroup;
			children = (
				0BCE243B1A5DC05300A6DF41 /* Base */,
			);
			name = Main.storyboard;
			sourceTree = "<group>";
		};
/* End PBXVariantGroup section */

/* Begin XCBuildConfiguration section */
		0BCE24491A5DC05300A6DF41 /* Debug */ = {
			isa = XCBuildConfiguration;
			buildSettings = {
				ALWAYS_SEARCH_USER_PATHS = NO;
				CLANG_CXX_LANGUAGE_STANDARD = "gnu++0x";
				CLANG_CXX_LIBRARY = "libc++";
				CLANG_ENABLE_MODULES = YES;
				CLANG_ENABLE_OBJC_ARC = YES;
				CLANG_WARN_BOOL_CONVERSION = YES;
				CLANG_WARN_CONSTANT_CONVERSION = YES;
				CLANG_WARN_DIRECT_OBJC_ISA_USAGE = YES_ERROR;
				CLANG_WARN_EMPTY_BODY = YES;
				CLANG_WARN_ENUM_CONVERSION = YES;
				CLANG_WARN_INT_CONVERSION = YES;
				CLANG_WARN_OBJC_ROOT_CLASS = YES_ERROR;
				CLANG_WARN_UNREACHABLE_CODE = YES;
				CLANG_WARN__DUPLICATE_METHOD_MATCH = YES;
				CODE_SIGN_IDENTITY = "-";
				COPY_PHASE_STRIP = NO;
				ENABLE_STRICT_OBJC_MSGSEND = YES;
				GCC_C_LANGUAGE_STANDARD = gnu99;
				GCC_DYNAMIC_NO_PIC = NO;
				GCC_OPTIMIZATION_LEVEL = 0;
				GCC_PREPROCESSOR_DEFINITIONS = (
					"DEBUG=1",
					"$(inherited)",
				);
				GCC_SYMBOLS_PRIVATE_EXTERN = NO;
				GCC_WARN_64_TO_32_BIT_CONVERSION = YES;
				GCC_WARN_ABOUT_RETURN_TYPE = YES_ERROR;
				GCC_WARN_UNDECLARED_SELECTOR = YES;
				GCC_WARN_UNINITIALIZED_AUTOS = YES_AGGRESSIVE;
				GCC_WARN_UNUSED_FUNCTION = YES;
				GCC_WARN_UNUSED_VARIABLE = YES;
				MACOSX_DEPLOYMENT_TARGET = 10.10;
				MTL_ENABLE_DEBUG_INFO = YES;
				ONLY_ACTIVE_ARCH = YES;
				SDKROOT = macosx;
			};
			name = Debug;
		};
		0BCE244A1A5DC05300A6DF41 /* Release */ = {
			isa = XCBuildConfiguration;
			buildSettings = {
				ALWAYS_SEARCH_USER_PATHS = NO;
				CLANG_CXX_LANGUAGE_STANDARD = "gnu++0x";
				CLANG_CXX_LIBRARY = "libc++";
				CLANG_ENABLE_MODULES = YES;
				CLANG_ENABLE_OBJC_ARC = YES;
				CLANG_WARN_BOOL_CONVERSION = YES;
				CLANG_WARN_CONSTANT_CONVERSION = YES;
				CLANG_WARN_DIRECT_OBJC_ISA_USAGE = YES_ERROR;
				CLANG_WARN_EMPTY_BODY = YES;
				CLANG_WARN_ENUM_CONVERSION = YES;
				CLANG_WARN_INT_CONVERSION = YES;
				CLANG_WARN_OBJC_ROOT_CLASS = YES_ERROR;
				CLANG_WARN_UNREACHABLE_CODE = YES;
				CLANG_WARN__DUPLICATE_METHOD_MATCH = YES;
				CODE_SIGN_IDENTITY = "-";
				COPY_PHASE_STRIP = YES;
				DEBUG_INFORMATION_FORMAT = "dwarf-with-dsym";
				ENABLE_NS_ASSERTIONS = NO;
				ENABLE_STRICT_OBJC_MSGSEND = YES;
				GCC_C_LANGUAGE_STANDARD = gnu99;
				GCC_WARN_64_TO_32_BIT_CONVERSION = YES;
				GCC_WARN_ABOUT_RETURN_TYPE = YES_ERROR;
				GCC_WARN_UNDECLARED_SELECTOR = YES;
				GCC_WARN_UNINITIALIZED_AUTOS = YES_AGGRESSIVE;
				GCC_WARN_UNUSED_FUNCTION = YES;
				GCC_WARN_UNUSED_VARIABLE = YES;
				MACOSX_DEPLOYMENT_TARGET = 10.10;
				MTL_ENABLE_DEBUG_INFO = NO;
				SDKROOT = macosx;
			};
			name = Release;
		};
		0BCE244C1A5DC05300A6DF41 /* Debug */ = {
			isa = XCBuildConfiguration;
			buildSettings = {
				ASSETCATALOG_COMPILER_APPICON_NAME = AppIcon;
				COMBINE_HIDPI_IMAGES = YES;
				INFOPLIST_FILE = Sender/Info.plist;
				LD_RUNPATH_SEARCH_PATHS = "$(inherited) @executable_path/../Frameworks";
				PRODUCT_NAME = "$(TARGET_NAME)";
			};
			name = Debug;
		};
		0BCE244D1A5DC05300A6DF41 /* Release */ = {
			isa = XCBuildConfiguration;
			buildSettings = {
				ASSETCATALOG_COMPILER_APPICON_NAME = AppIcon;
				COMBINE_HIDPI_IMAGES = YES;
				INFOPLIST_FILE = Sender/Info.plist;
				LD_RUNPATH_SEARCH_PATHS = "$(inherited) @executable_path/../Frameworks";
				PRODUCT_NAME = "$(TARGET_NAME)";
			};
			name = Release;
		};
		0BCE244F1A5DC05300A6DF41 /* Debug */ = {
			isa = XCBuildConfiguration;
			buildSettings = {
				BUNDLE_LOADER = "$(TEST_HOST)";
				COMBINE_HIDPI_IMAGES = YES;
				FRAMEWORK_SEARCH_PATHS = (
					"$(DEVELOPER_FRAMEWORKS_DIR)",
					"$(inherited)",
				);
				GCC_PREPROCESSOR_DEFINITIONS = (
					"DEBUG=1",
					"$(inherited)",
				);
				INFOPLIST_FILE = SenderTests/Info.plist;
				LD_RUNPATH_SEARCH_PATHS = "$(inherited) @executable_path/../Frameworks @loader_path/../Frameworks";
				PRODUCT_NAME = "$(TARGET_NAME)";
				TEST_HOST = "$(BUILT_PRODUCTS_DIR)/Sender.app/Contents/MacOS/Sender";
			};
			name = Debug;
		};
		0BCE24501A5DC05300A6DF41 /* Release */ = {
			isa = XCBuildConfiguration;
			buildSettings = {
				BUNDLE_LOADER = "$(TEST_HOST)";
				COMBINE_HIDPI_IMAGES = YES;
				FRAMEWORK_SEARCH_PATHS = (
					"$(DEVELOPER_FRAMEWORKS_DIR)",
					"$(inherited)",
				);
				INFOPLIST_FILE = SenderTests/Info.plist;
				LD_RUNPATH_SEARCH_PATHS = "$(inherited) @executable_path/../Frameworks @loader_path/../Frameworks";
				PRODUCT_NAME = "$(TARGET_NAME)";
				TEST_HOST = "$(BUILT_PRODUCTS_DIR)/Sender.app/Contents/MacOS/Sender";
			};
			name = Release;
		};
/* End XCBuildConfiguration section */

/* Begin XCConfigurationList section */
		0BCE24261A5DC05300A6DF41 /* Build configuration list for PBXProject "Sender" */ = {
			isa = XCConfigurationList;
			buildConfigurations = (
				0BCE24491A5DC05300A6DF41 /* Debug */,
				0BCE244A1A5DC05300A6DF41 /* Release */,
			);
			defaultConfigurationIsVisible = 0;
			defaultConfigurationName = Release;
		};
		0BCE244B1A5DC05300A6DF41 /* Build configuration list for PBXNativeTarget "Sender" */ = {
			isa = XCConfigurationList;
			buildConfigurations = (
				0BCE244C1A5DC05300A6DF41 /* Debug */,
				0BCE244D1A5DC05300A6DF41 /* Release */,
			);
			defaultConfigurationIsVisible = 0;
		};
		0BCE244E1A5DC05300A6DF41 /* Build configuration list for PBXNativeTarget "SenderTests" */ = {
			isa = XCConfigurationList;
			buildConfigurations = (
				0BCE244F1A5DC05300A6DF41 /* Debug */,
				0BCE24501A5DC05300A6DF41 /* Release */,
			);
			defaultConfigurationIsVisible = 0;
		};
/* End XCConfigurationList section */
	};
	rootObject = 0BCE24231A5DC05300A6DF41 /* Project object */;
}
